
Microsoft Visual Studio Solution File, Format Version 12.00
# Visual Studio Version 16
VisualStudioVersion = 16.0.29806.167
MinimumVisualStudioVersion = 10.0.40219.1
Project("{FAE04EC0-301F-11D3-BF4B-00C04F79EFBC}") = "Chatbot.ConsoleUI", "Chatbot.ConsoleUI\Chatbot.ConsoleUI.csproj", "{AB65C8D2-3107-4CAC-AC4B-3AAB59D15707}"
EndProject
Project("{FAE04EC0-301F-11D3-BF4B-00C04F79EFBC}") = "Chatbot.Client", "Chatbot.Client\Chatbot.Client.csproj", "{3BD6CDF5-C9A3-4CD7-83FC-18FAFC7B273C}"
EndProject
Project("{FAE04EC0-301F-11D3-BF4B-00C04F79EFBC}") = "Chatbot.Common", "Chatbot.Common\Chatbot.Common.csproj", "{5A678C48-43B5-4044-AF1F-274DF3F73699}"
EndProject
Project("{FAE04EC0-301F-11D3-BF4B-00C04F79EFBC}") = "GoogleDriveConsole", "GoogleDriveConsole\GoogleDriveConsole.csproj", "{903D8405-BA03-499A-9BF5-CAB0BF5EB3AD}"
EndProject
Global
	GlobalSection(SolutionConfigurationPlatforms) = preSolution
		Debug|Any CPU = Debug|Any CPU
		Release|Any CPU = Release|Any CPU
	EndGlobalSection
	GlobalSection(ProjectConfigurationPlatforms) = postSolution
		{AB65C8D2-3107-4CAC-AC4B-3AAB59D15707}.Debug|Any CPU.ActiveCfg = Debug|Any CPU
		{AB65C8D2-3107-4CAC-AC4B-3AAB59D15707}.Debug|Any CPU.Build.0 = Debug|Any CPU
		{AB65C8D2-3107-4CAC-AC4B-3AAB59D15707}.Release|Any CPU.ActiveCfg = Release|Any CPU
		{AB65C8D2-3107-4CAC-AC4B-3AAB59D15707}.Release|Any CPU.Build.0 = Release|Any CPU
		{3BD6CDF5-C9A3-4CD7-83FC-18FAFC7B273C}.Debug|Any CPU.ActiveCfg = Debug|Any CPU
		{3BD6CDF5-C9A3-4CD7-83FC-18FAFC7B273C}.Debug|Any CPU.Build.0 = Debug|Any CPU
		{3BD6CDF5-C9A3-4CD7-83FC-18FAFC7B273C}.Release|Any CPU.ActiveCfg = Release|Any CPU
		{3BD6CDF5-C9A3-4CD7-83FC-18FAFC7B273C}.Release|Any CPU.Build.0 = Release|Any CPU
		{5A678C48-43B5-4044-AF1F-274DF3F73699}.Debug|Any CPU.ActiveCfg = Debug|Any CPU
		{5A678C48-43B5-4044-AF1F-274DF3F73699}.Debug|Any CPU.Build.0 = Debug|Any CPU
		{5A678C48-43B5-4044-AF1F-274DF3F73699}.Release|Any CPU.ActiveCfg = Release|Any CPU
		{5A678C48-43B5-4044-AF1F-274DF3F73699}.Release|Any CPU.Build.0 = Release|Any CPU
		{903D8405-BA03-499A-9BF5-CAB0BF5EB3AD}.Debug|Any CPU.ActiveCfg = Debug|Any CPU
		{903D8405-BA03-499A-9BF5-CAB0BF5EB3AD}.Debug|Any CPU.Build.0 = Debug|Any CPU
		{903D8405-BA03-499A-9BF5-CAB0BF5EB3AD}.Release|Any CPU.ActiveCfg = Release|Any CPU
		{903D8405-BA03-499A-9BF5-CAB0BF5EB3AD}.Release|Any CPU.Build.0 = Release|Any CPU
	EndGlobalSection
	GlobalSection(SolutionProperties) = preSolution
		HideSolutionNode = FALSE
	EndGlobalSection
	GlobalSection(ExtensibilityGlobals) = postSolution
		SolutionGuid = {FE54DA4F-C1A5-4605-9C0F-DDFF81E307C9}
	EndGlobalSection
EndGlobal
